// !$*UTF8*$!
{
	archiveVersion = 1;
	classes = {
	};
	objectVersion = 46;
	objects = {

/* Begin PBXBuildFile section */
		1A3357D01C50C3D600B18DB3 /* UINavigationBar+Awesome.m in Sources */ = {isa = PBXBuildFile; fileRef = 1A3357CF1C50C3D600B18DB3 /* UINavigationBar+Awesome.m */; };
		1A447A101AC526E9003A0220 /* main.m in Sources */ = {isa = PBXBuildFile; fileRef = 1A447A0F1AC526E9003A0220 /* main.m */; };
		1A447A131AC526E9003A0220 /* AppDelegate.m in Sources */ = {isa = PBXBuildFile; fileRef = 1A447A121AC526E9003A0220 /* AppDelegate.m */; };
		1A447A161AC526E9003A0220 /* ViewController.m in Sources */ = {isa = PBXBuildFile; fileRef = 1A447A151AC526E9003A0220 /* ViewController.m */; };
		1A447A191AC526E9003A0220 /* Main.storyboard in Resources */ = {isa = PBXBuildFile; fileRef = 1A447A171AC526E9003A0220 /* Main.storyboard */; };
		1A447A1B1AC526EA003A0220 /* Images.xcassets in Resources */ = {isa = PBXBuildFile; fileRef = 1A447A1A1AC526EA003A0220 /* Images.xcassets */; };
		1A447A1E1AC526EA003A0220 /* LaunchScreen.xib in Resources */ = {isa = PBXBuildFile; fileRef = 1A447A1C1AC526EA003A0220 /* LaunchScreen.xib */; };
		1A447A2A1AC526EA003A0220 /* JMCategoryTests.m in Sources */ = {isa = PBXBuildFile; fileRef = 1A447A291AC526EA003A0220 /* JMCategoryTests.m */; };
		1A447A481AC52ED8003A0220 /* UITableView+JMExtension.m in Sources */ = {isa = PBXBuildFile; fileRef = 1A447A471AC52ED8003A0220 /* UITableView+JMExtension.m */; };
		1A447A4B1AC531EA003A0220 /* UIKit.framework in Frameworks */ = {isa = PBXBuildFile; fileRef = 1A447A4A1AC531EA003A0220 /* UIKit.framework */; };
		1A447A4D1AC5321A003A0220 /* Foundation.framework in Frameworks */ = {isa = PBXBuildFile; fileRef = 1A447A4C1AC5321A003A0220 /* Foundation.framework */; };
		1A447A511AC54045003A0220 /* UIColor+JMExtension.m in Sources */ = {isa = PBXBuildFile; fileRef = 1A447A501AC54045003A0220 /* UIColor+JMExtension.m */; };
		1A447A551AC54A7B003A0220 /* UIView+JMExtension.m in Sources */ = {isa = PBXBuildFile; fileRef = 1A447A541AC54A7B003A0220 /* UIView+JMExtension.m */; };
		1A8917CE1C4F3E9B0074E68F /* CALayer+Layout.m in Sources */ = {isa = PBXBuildFile; fileRef = 1A8917CD1C4F3E9B0074E68F /* CALayer+Layout.m */; };
		1A8917D21C4F3EBC0074E68F /* NSDictionary+Util.m in Sources */ = {isa = PBXBuildFile; fileRef = 1A8917D11C4F3EBC0074E68F /* NSDictionary+Util.m */; };
		1A8917D61C4F3F150074E68F /* UIView+Layout.m in Sources */ = {isa = PBXBuildFile; fileRef = 1A8917D51C4F3F150074E68F /* UIView+Layout.m */; };
		1ADE3FBF1ACBD06800E07FBE /* UILabel+JMExtension.m in Sources */ = {isa = PBXBuildFile; fileRef = 1ADE3FBE1ACBD06800E07FBE /* UILabel+JMExtension.m */; };
		1ADE3FC31ACBD32800E07FBE /* UIButton+JMExtension.m in Sources */ = {isa = PBXBuildFile; fileRef = 1ADE3FC21ACBD32800E07FBE /* UIButton+JMExtension.m */; };
		1AE13AFB1AC92B190027EA4E /* UITableViewCell+JMExtension.m in Sources */ = {isa = PBXBuildFile; fileRef = 1AE13AFA1AC92B190027EA4E /* UITableViewCell+JMExtension.m */; };
/* End PBXBuildFile section */

/* Begin PBXContainerItemProxy section */
		1A447A241AC526EA003A0220 /* PBXContainerItemProxy */ = {
			isa = PBXContainerItemProxy;
			containerPortal = 1A447A021AC526E9003A0220 /* Project object */;
			proxyType = 1;
			remoteGlobalIDString = 1A447A091AC526E9003A0220;
			remoteInfo = JMCategory;
		};
/* End PBXContainerItemProxy section */

/* Begin PBXFileReference section */
		1A3357CE1C50C3D600B18DB3 /* UINavigationBar+Awesome.h */ = {isa = PBXFileReference; fileEncoding = 4; lastKnownFileType = sourcecode.c.h; path = "UINavigationBar+Awesome.h"; sourceTree = "<group>"; };
		1A3357CF1C50C3D600B18DB3 /* UINavigationBar+Awesome.m */ = {isa = PBXFileReference; fileEncoding = 4; lastKnownFileType = sourcecode.c.objc; path = "UINavigationBar+Awesome.m"; sourceTree = "<group>"; };
		1A447A0A1AC526E9003A0220 /* JMCategory.app */ = {isa = PBXFileReference; explicitFileType = wrapper.application; includeInIndex = 0; path = JMCategory.app; sourceTree = BUILT_PRODUCTS_DIR; };
		1A447A0E1AC526E9003A0220 /* Info.plist */ = {isa = PBXFileReference; lastKnownFileType = text.plist.xml; path = Info.plist; sourceTree = "<group>"; };
		1A447A0F1AC526E9003A0220 /* main.m */ = {isa = PBXFileReference; lastKnownFileType = sourcecode.c.objc; path = main.m; sourceTree = "<group>"; };
		1A447A111AC526E9003A0220 /* AppDelegate.h */ = {isa = PBXFileReference; lastKnownFileType = sourcecode.c.h; path = AppDelegate.h; sourceTree = "<group>"; };
		1A447A121AC526E9003A0220 /* AppDelegate.m */ = {isa = PBXFileReference; lastKnownFileType = sourcecode.c.objc; path = AppDelegate.m; sourceTree = "<group>"; };
		1A447A141AC526E9003A0220 /* ViewController.h */ = {isa = PBXFileReference; lastKnownFileType = sourcecode.c.h; path = ViewController.h; sourceTree = "<group>"; };
		1A447A151AC526E9003A0220 /* ViewController.m */ = {isa = PBXFileReference; lastKnownFileType = sourcecode.c.objc; path = ViewController.m; sourceTree = "<group>"; };
		1A447A181AC526E9003A0220 /* Base */ = {isa = PBXFileReference; lastKnownFileType = file.storyboard; name = Base; path = Base.lproj/Main.storyboard; sourceTree = "<group>"; };
		1A447A1A1AC526EA003A0220 /* Images.xcassets */ = {isa = PBXFileReference; lastKnownFileType = folder.assetcatalog; path = Images.xcassets; sourceTree = "<group>"; };
		1A447A1D1AC526EA003A0220 /* Base */ = {isa = PBXFileReference; lastKnownFileType = file.xib; name = Base; path = Base.lproj/LaunchScreen.xib; sourceTree = "<group>"; };
		1A447A231AC526EA003A0220 /* JMCategoryTests.xctest */ = {isa = PBXFileReference; explicitFileType = wrapper.cfbundle; includeInIndex = 0; path = JMCategoryTests.xctest; sourceTree = BUILT_PRODUCTS_DIR; };
		1A447A281AC526EA003A0220 /* Info.plist */ = {isa = PBXFileReference; lastKnownFileType = text.plist.xml; path = Info.plist; sourceTree = "<group>"; };
		1A447A291AC526EA003A0220 /* JMCategoryTests.m */ = {isa = PBXFileReference; lastKnownFileType = sourcecode.c.objc; path = JMCategoryTests.m; sourceTree = "<group>"; };
		1A447A461AC52ED8003A0220 /* UITableView+JMExtension.h */ = {isa = PBXFileReference; fileEncoding = 4; lastKnownFileType = sourcecode.c.h; path = "UITableView+JMExtension.h"; sourceTree = "<group>"; };
		1A447A471AC52ED8003A0220 /* UITableView+JMExtension.m */ = {isa = PBXFileReference; fileEncoding = 4; lastKnownFileType = sourcecode.c.objc; path = "UITableView+JMExtension.m"; sourceTree = "<group>"; };
		1A447A4A1AC531EA003A0220 /* UIKit.framework */ = {isa = PBXFileReference; lastKnownFileType = wrapper.framework; name = UIKit.framework; path = System/Library/Frameworks/UIKit.framework; sourceTree = SDKROOT; };
		1A447A4C1AC5321A003A0220 /* Foundation.framework */ = {isa = PBXFileReference; lastKnownFileType = wrapper.framework; name = Foundation.framework; path = System/Library/Frameworks/Foundation.framework; sourceTree = SDKROOT; };
		1A447A4F1AC54045003A0220 /* UIColor+JMExtension.h */ = {isa = PBXFileReference; fileEncoding = 4; lastKnownFileType = sourcecode.c.h; path = "UIColor+JMExtension.h"; sourceTree = "<group>"; };
		1A447A501AC54045003A0220 /* UIColor+JMExtension.m */ = {isa = PBXFileReference; fileEncoding = 4; lastKnownFileType = sourcecode.c.objc; path = "UIColor+JMExtension.m"; sourceTree = "<group>"; };
		1A447A531AC54A7B003A0220 /* UIView+JMExtension.h */ = {isa = PBXFileReference; fileEncoding = 4; lastKnownFileType = sourcecode.c.h; path = "UIView+JMExtension.h"; sourceTree = "<group>"; };
		1A447A541AC54A7B003A0220 /* UIView+JMExtension.m */ = {isa = PBXFileReference; fileEncoding = 4; lastKnownFileType = sourcecode.c.objc; path = "UIView+JMExtension.m"; sourceTree = "<group>"; };
		1A8917CC1C4F3E9B0074E68F /* CALayer+Layout.h */ = {isa = PBXFileReference; fileEncoding = 4; lastKnownFileType = sourcecode.c.h; path = "CALayer+Layout.h"; sourceTree = "<group>"; };
		1A8917CD1C4F3E9B0074E68F /* CALayer+Layout.m */ = {isa = PBXFileReference; fileEncoding = 4; lastKnownFileType = sourcecode.c.objc; path = "CALayer+Layout.m"; sourceTree = "<group>"; };
		1A8917D01C4F3EBC0074E68F /* NSDictionary+Util.h */ = {isa = PBXFileReference; fileEncoding = 4; lastKnownFileType = sourcecode.c.h; path = "NSDictionary+Util.h"; sourceTree = "<group>"; };
		1A8917D11C4F3EBC0074E68F /* NSDictionary+Util.m */ = {isa = PBXFileReference; fileEncoding = 4; lastKnownFileType = sourcecode.c.objc; path = "NSDictionary+Util.m"; sourceTree = "<group>"; };
		1A8917D41C4F3F150074E68F /* UIView+Layout.h */ = {isa = PBXFileReference; fileEncoding = 4; lastKnownFileType = sourcecode.c.h; path = "UIView+Layout.h"; sourceTree = "<group>"; };
		1A8917D51C4F3F150074E68F /* UIView+Layout.m */ = {isa = PBXFileReference; fileEncoding = 4; lastKnownFileType = sourcecode.c.objc; path = "UIView+Layout.m"; sourceTree = "<group>"; };
		1ADE3FBD1ACBD06800E07FBE /* UILabel+JMExtension.h */ = {isa = PBXFileReference; fileEncoding = 4; lastKnownFileType = sourcecode.c.h; path = "UILabel+JMExtension.h"; sourceTree = "<group>"; };
		1ADE3FBE1ACBD06800E07FBE /* UILabel+JMExtension.m */ = {isa = PBXFileReference; fileEncoding = 4; lastKnownFileType = sourcecode.c.objc; path = "UILabel+JMExtension.m"; sourceTree = "<group>"; };
		1ADE3FC11ACBD32800E07FBE /* UIButton+JMExtension.h */ = {isa = PBXFileReference; fileEncoding = 4; lastKnownFileType = sourcecode.c.h; path = "UIButton+JMExtension.h"; sourceTree = "<group>"; };
		1ADE3FC21ACBD32800E07FBE /* UIButton+JMExtension.m */ = {isa = PBXFileReference; fileEncoding = 4; lastKnownFileType = sourcecode.c.objc; path = "UIButton+JMExtension.m"; sourceTree = "<group>"; };
		1AE13AF91AC92B190027EA4E /* UITableViewCell+JMExtension.h */ = {isa = PBXFileReference; fileEncoding = 4; lastKnownFileType = sourcecode.c.h; path = "UITableViewCell+JMExtension.h"; sourceTree = "<group>"; };
		1AE13AFA1AC92B190027EA4E /* UITableViewCell+JMExtension.m */ = {isa = PBXFileReference; fileEncoding = 4; lastKnownFileType = sourcecode.c.objc; path = "UITableViewCell+JMExtension.m"; sourceTree = "<group>"; };
/* End PBXFileReference section */

/* Begin PBXFrameworksBuildPhase section */
		1A447A071AC526E9003A0220 /* Frameworks */ = {
			isa = PBXFrameworksBuildPhase;
			buildActionMask = 2147483647;
			files = (
				1A447A4D1AC5321A003A0220 /* Foundation.framework in Frameworks */,
				1A447A4B1AC531EA003A0220 /* UIKit.framework in Frameworks */,
			);
			runOnlyForDeploymentPostprocessing = 0;
		};
		1A447A201AC526EA003A0220 /* Frameworks */ = {
			isa = PBXFrameworksBuildPhase;
			buildActionMask = 2147483647;
			files = (
			);
			runOnlyForDeploymentPostprocessing = 0;
		};
/* End PBXFrameworksBuildPhase section */

/* Begin PBXGroup section */
		1A3357CD1C50C3D600B18DB3 /* UINavigation */ = {
			isa = PBXGroup;
			children = (
				1A3357CE1C50C3D600B18DB3 /* UINavigationBar+Awesome.h */,
				1A3357CF1C50C3D600B18DB3 /* UINavigationBar+Awesome.m */,
			);
			path = UINavigation;
			sourceTree = "<group>";
		};
		1A447A011AC526E9003A0220 = {
			isa = PBXGroup;
			children = (
				1A447A0C1AC526E9003A0220 /* JMCategory */,
				1A447A261AC526EA003A0220 /* JMCategoryTests */,
				1A447A0B1AC526E9003A0220 /* Products */,
				1A447A491AC531D8003A0220 /* Framework */,
			);
			sourceTree = "<group>";
		};
		1A447A0B1AC526E9003A0220 /* Products */ = {
			isa = PBXGroup;
			children = (
				1A447A0A1AC526E9003A0220 /* JMCategory.app */,
				1A447A231AC526EA003A0220 /* JMCategoryTests.xctest */,
			);
			name = Products;
			sourceTree = "<group>";
		};
		1A447A0C1AC526E9003A0220 /* JMCategory */ = {
			isa = PBXGroup;
			children = (
				1A447A441AC52ED8003A0220 /* Extension */,
				1A447A111AC526E9003A0220 /* AppDelegate.h */,
				1A447A121AC526E9003A0220 /* AppDelegate.m */,
				1A447A141AC526E9003A0220 /* ViewController.h */,
				1A447A151AC526E9003A0220 /* ViewController.m */,
				1A447A171AC526E9003A0220 /* Main.storyboard */,
				1A447A1A1AC526EA003A0220 /* Images.xcassets */,
				1A447A1C1AC526EA003A0220 /* LaunchScreen.xib */,
				1A447A0D1AC526E9003A0220 /* Supporting Files */,
			);
			path = JMCategory;
			sourceTree = "<group>";
		};
		1A447A0D1AC526E9003A0220 /* Supporting Files */ = {
			isa = PBXGroup;
			children = (
				1A447A0E1AC526E9003A0220 /* Info.plist */,
				1A447A0F1AC526E9003A0220 /* main.m */,
			);
			name = "Supporting Files";
			sourceTree = "<group>";
		};
		1A447A261AC526EA003A0220 /* JMCategoryTests */ = {
			isa = PBXGroup;
			children = (
				1A447A291AC526EA003A0220 /* JMCategoryTests.m */,
				1A447A271AC526EA003A0220 /* Supporting Files */,
			);
			path = JMCategoryTests;
			sourceTree = "<group>";
		};
		1A447A271AC526EA003A0220 /* Supporting Files */ = {
			isa = PBXGroup;
			children = (
				1A447A281AC526EA003A0220 /* Info.plist */,
			);
			name = "Supporting Files";
			sourceTree = "<group>";
		};
		1A447A441AC52ED8003A0220 /* Extension */ = {
			isa = PBXGroup;
			children = (
				1A8917CF1C4F3EBC0074E68F /* NSDictionary */,
				1A8917CB1C4F3E9B0074E68F /* CALayer */,
				1A447A451AC52ED8003A0220 /* UITableview */,
				1AE13AF81AC92AE90027EA4E /* UITableviewCell */,
				1A447A4E1AC54025003A0220 /* UIColor */,
				1A447A521AC54A5F003A0220 /* UIView */,
				1ADE3FBC1ACBD04F00E07FBE /* UILabel */,
				1ADE3FC01ACBD30F00E07FBE /* UIButton */,
				1A3357CD1C50C3D600B18DB3 /* UINavigation */,
			);
			path = Extension;
			sourceTree = "<group>";
		};
		1A447A451AC52ED8003A0220 /* UITableview */ = {
			isa = PBXGroup;
			children = (
				1A447A461AC52ED8003A0220 /* UITableView+JMExtension.h */,
				1A447A471AC52ED8003A0220 /* UITableView+JMExtension.m */,
			);
			path = UITableview;
			sourceTree = "<group>";
		};
		1A447A491AC531D8003A0220 /* Framework */ = {
			isa = PBXGroup;
			children = (
				1A447A4C1AC5321A003A0220 /* Foundation.framework */,
				1A447A4A1AC531EA003A0220 /* UIKit.framework */,
			);
			name = Framework;
			path = JMCategory/Framework;
			sourceTree = "<group>";
		};
		1A447A4E1AC54025003A0220 /* UIColor */ = {
			isa = PBXGroup;
			children = (
				1A447A4F1AC54045003A0220 /* UIColor+JMExtension.h */,
				1A447A501AC54045003A0220 /* UIColor+JMExtension.m */,
			);
			path = UIColor;
			sourceTree = "<group>";
		};
		1A447A521AC54A5F003A0220 /* UIView */ = {
			isa = PBXGroup;
			children = (
				1A447A531AC54A7B003A0220 /* UIView+JMExtension.h */,
				1A447A541AC54A7B003A0220 /* UIView+JMExtension.m */,
				1A8917D41C4F3F150074E68F /* UIView+Layout.h */,
				1A8917D51C4F3F150074E68F /* UIView+Layout.m */,
			);
			path = UIView;
			sourceTree = "<group>";
		};
		1A8917CB1C4F3E9B0074E68F /* CALayer */ = {
			isa = PBXGroup;
			children = (
				1A8917CC1C4F3E9B0074E68F /* CALayer+Layout.h */,
				1A8917CD1C4F3E9B0074E68F /* CALayer+Layout.m */,
			);
			path = CALayer;
			sourceTree = "<group>";
		};
		1A8917CF1C4F3EBC0074E68F /* NSDictionary */ = {
			isa = PBXGroup;
			children = (
				1A8917D01C4F3EBC0074E68F /* NSDictionary+Util.h */,
				1A8917D11C4F3EBC0074E68F /* NSDictionary+Util.m */,
			);
			path = NSDictionary;
			sourceTree = "<group>";
		};
		1ADE3FBC1ACBD04F00E07FBE /* UILabel */ = {
			isa = PBXGroup;
			children = (
				1ADE3FBD1ACBD06800E07FBE /* UILabel+JMExtension.h */,
				1ADE3FBE1ACBD06800E07FBE /* UILabel+JMExtension.m */,
			);
			path = UILabel;
			sourceTree = "<group>";
		};
		1ADE3FC01ACBD30F00E07FBE /* UIButton */ = {
			isa = PBXGroup;
			children = (
				1ADE3FC11ACBD32800E07FBE /* UIButton+JMExtension.h */,
				1ADE3FC21ACBD32800E07FBE /* UIButton+JMExtension.m */,
			);
			path = UIButton;
			sourceTree = "<group>";
		};
		1AE13AF81AC92AE90027EA4E /* UITableviewCell */ = {
			isa = PBXGroup;
			children = (
				1AE13AF91AC92B190027EA4E /* UITableViewCell+JMExtension.h */,
				1AE13AFA1AC92B190027EA4E /* UITableViewCell+JMExtension.m */,
			);
			path = UITableviewCell;
			sourceTree = "<group>";
		};
/* End PBXGroup section */

/* Begin PBXNativeTarget section */
		1A447A091AC526E9003A0220 /* JMCategory */ = {
			isa = PBXNativeTarget;
			buildConfigurationList = 1A447A2D1AC526EA003A0220 /* Build configuration list for PBXNativeTarget "JMCategory" */;
			buildPhases = (
				1A447A061AC526E9003A0220 /* Sources */,
				1A447A071AC526E9003A0220 /* Frameworks */,
				1A447A081AC526E9003A0220 /* Resources */,
			);
			buildRules = (
			);
			dependencies = (
			);
			name = JMCategory;
			productName = JMCategory;
			productReference = 1A447A0A1AC526E9003A0220 /* JMCategory.app */;
			productType = "com.apple.product-type.application";
		};
		1A447A221AC526EA003A0220 /* JMCategoryTests */ = {
			isa = PBXNativeTarget;
			buildConfigurationList = 1A447A301AC526EA003A0220 /* Build configuration list for PBXNativeTarget "JMCategoryTests" */;
			buildPhases = (
				1A447A1F1AC526EA003A0220 /* Sources */,
				1A447A201AC526EA003A0220 /* Frameworks */,
				1A447A211AC526EA003A0220 /* Resources */,
			);
			buildRules = (
			);
			dependencies = (
				1A447A251AC526EA003A0220 /* PBXTargetDependency */,
			);
			name = JMCategoryTests;
			productName = JMCategoryTests;
			productReference = 1A447A231AC526EA003A0220 /* JMCategoryTests.xctest */;
			productType = "com.apple.product-type.bundle.unit-test";
		};
/* End PBXNativeTarget section */

/* Begin PBXProject section */
		1A447A021AC526E9003A0220 /* Project object */ = {
			isa = PBXProject;
			attributes = {
				LastUpgradeCheck = 0620;
				ORGANIZATIONNAME = james;
				TargetAttributes = {
					1A447A091AC526E9003A0220 = {
						CreatedOnToolsVersion = 6.2;
					};
					1A447A221AC526EA003A0220 = {
						CreatedOnToolsVersion = 6.2;
						TestTargetID = 1A447A091AC526E9003A0220;
					};
				};
			};
			buildConfigurationList = 1A447A051AC526E9003A0220 /* Build configuration list for PBXProject "JMCategory" */;
			compatibilityVersion = "Xcode 3.2";
			developmentRegion = English;
			hasScannedForEncodings = 0;
			knownRegions = (
				en,
				Base,
			);
			mainGroup = 1A447A011AC526E9003A0220;
			productRefGroup = 1A447A0B1AC526E9003A0220 /* Products */;
			projectDirPath = "";
			projectRoot = "";
			targets = (
				1A447A091AC526E9003A0220 /* JMCategory */,
				1A447A221AC526EA003A0220 /* JMCategoryTests */,
			);
		};
/* End PBXProject section */

/* Begin PBXResourcesBuildPhase section */
		1A447A081AC526E9003A0220 /* Resources */ = {
			isa = PBXResourcesBuildPhase;
			buildActionMask = 2147483647;
			files = (
				1A447A191AC526E9003A0220 /* Main.storyboard in Resources */,
				1A447A1E1AC526EA003A0220 /* LaunchScreen.xib in Resources */,
				1A447A1B1AC526EA003A0220 /* Images.xcassets in Resources */,
			);
			runOnlyForDeploymentPostprocessing = 0;
		};
		1A447A211AC526EA003A0220 /* Resources */ = {
			isa = PBXResourcesBuildPhase;
			buildActionMask = 2147483647;
			files = (
			);
			runOnlyForDeploymentPostprocessing = 0;
		};
/* End PBXResourcesBuildPhase section */

/* Begin PBXSourcesBuildPhase section */
		1A447A061AC526E9003A0220 /* Sources */ = {
			isa = PBXSourcesBuildPhase;
			buildActionMask = 2147483647;
			files = (
				1A447A161AC526E9003A0220 /* ViewController.m in Sources */,
				1A447A511AC54045003A0220 /* UIColor+JMExtension.m in Sources */,
				1AE13AFB1AC92B190027EA4E /* UITableViewCell+JMExtension.m in Sources */,
				1A3357D01C50C3D600B18DB3 /* UINavigationBar+Awesome.m in Sources */,
				1A447A131AC526E9003A0220 /* AppDelegate.m in Sources */,
				1A447A481AC52ED8003A0220 /* UITableView+JMExtension.m in Sources */,
				1A8917CE1C4F3E9B0074E68F /* CALayer+Layout.m in Sources */,
				1ADE3FBF1ACBD06800E07FBE /* UILabel+JMExtension.m in Sources */,
				1A8917D21C4F3EBC0074E68F /* NSDictionary+Util.m in Sources */,
				1A8917D61C4F3F150074E68F /* UIView+Layout.m in Sources */,
				1A447A101AC526E9003A0220 /* main.m in Sources */,
				1A447A551AC54A7B003A0220 /* UIView+JMExtension.m in Sources */,
				1ADE3FC31ACBD32800E07FBE /* UIButton+JMExtension.m in Sources */,
			);
			runOnlyForDeploymentPostprocessing = 0;
		};
		1A447A1F1AC526EA003A0220 /* Sources */ = {
			isa = PBXSourcesBuildPhase;
			buildActionMask = 2147483647;
			files = (
				1A447A2A1AC526EA003A0220 /* JMCategoryTests.m in Sources */,
			);
			runOnlyForDeploymentPostprocessing = 0;
		};
/* End PBXSourcesBuildPhase section */

/* Begin PBXTargetDependency section */
		1A447A251AC526EA003A0220 /* PBXTargetDependency */ = {
			isa = PBXTargetDependency;
			target = 1A447A091AC526E9003A0220 /* JMCategory */;
			targetProxy = 1A447A241AC526EA003A0220 /* PBXContainerItemProxy */;
		};
/* End PBXTargetDependency section */

/* Begin PBXVariantGroup section */
		1A447A171AC526E9003A0220 /* Main.storyboard */ = {
			isa = PBXVariantGroup;
			children = (
				1A447A181AC526E9003A0220 /* Base */,
			);
			name = Main.storyboard;
			sourceTree = "<group>";
		};
		1A447A1C1AC526EA003A0220 /* LaunchScreen.xib */ = {
			isa = PBXVariantGroup;
			children = (
				1A447A1D1AC526EA003A0220 /* Base */,
			);
			name = LaunchScreen.xib;
			sourceTree = "<group>";
		};
/* End PBXVariantGroup section */

/* Begin XCBuildConfiguration section */
		1A447A2B1AC526EA003A0220 /* Debug */ = {
			isa = XCBuildConfiguration;
			buildSettings = {
				ALWAYS_SEARCH_USER_PATHS = NO;
				CLANG_CXX_LANGUAGE_STANDARD = "gnu++0x";
				CLANG_CXX_LIBRARY = "libc++";
				CLANG_ENABLE_MODULES = YES;
				CLANG_ENABLE_OBJC_ARC = YES;
				CLANG_WARN_BOOL_CONVERSION = YES;
				CLANG_WARN_CONSTANT_CONVERSION = YES;
				CLANG_WARN_DIRECT_OBJC_ISA_USAGE = YES_ERROR;
				CLANG_WARN_EMPTY_BODY = YES;
				CLANG_WARN_ENUM_CONVERSION = YES;
				CLANG_WARN_INT_CONVERSION = YES;
				CLANG_WARN_OBJC_ROOT_CLASS = YES_ERROR;
				CLANG_WARN_UNREACHABLE_CODE = YES;
				CLANG_WARN__DUPLICATE_METHOD_MATCH = YES;
				"CODE_SIGN_IDENTITY[sdk=iphoneos*]" = "iPhone Developer";
				COPY_PHASE_STRIP = NO;
				ENABLE_STRICT_OBJC_MSGSEND = YES;
				GCC_C_LANGUAGE_STANDARD = gnu99;
				GCC_DYNAMIC_NO_PIC = NO;
				GCC_OPTIMIZATION_LEVEL = 0;
				GCC_PREPROCESSOR_DEFINITIONS = (
					"DEBUG=1",
					"$(inherited)",
				);
				GCC_SYMBOLS_PRIVATE_EXTERN = NO;
				GCC_WARN_64_TO_32_BIT_CONVERSION = YES;
				GCC_WARN_ABOUT_RETURN_TYPE = YES_ERROR;
				GCC_WARN_UNDECLARED_SELECTOR = YES;
				GCC_WARN_UNINITIALIZED_AUTOS = YES_AGGRESSIVE;
				GCC_WARN_UNUSED_FUNCTION = YES;
				GCC_WARN_UNUSED_VARIABLE = YES;
				IPHONEOS_DEPLOYMENT_TARGET = 8.2;
				MTL_ENABLE_DEBUG_INFO = YES;
				ONLY_ACTIVE_ARCH = YES;
				SDKROOT = iphoneos;
			};
			name = Debug;
		};
		1A447A2C1AC526EA003A0220 /* Release */ = {
			isa = XCBuildConfiguration;
			buildSettings = {
				ALWAYS_SEARCH_USER_PATHS = NO;
				CLANG_CXX_LANGUAGE_STANDARD = "gnu++0x";
				CLANG_CXX_LIBRARY = "libc++";
				CLANG_ENABLE_MODULES = YES;
				CLANG_ENABLE_OBJC_ARC = YES;
				CLANG_WARN_BOOL_CONVERSION = YES;
				CLANG_WARN_CONSTANT_CONVERSION = YES;
				CLANG_WARN_DIRECT_OBJC_ISA_USAGE = YES_ERROR;
				CLANG_WARN_EMPTY_BODY = YES;
				CLANG_WARN_ENUM_CONVERSION = YES;
				CLANG_WARN_INT_CONVERSION = YES;
				CLANG_WARN_OBJC_ROOT_CLASS = YES_ERROR;
				CLANG_WARN_UNREACHABLE_CODE = YES;
				CLANG_WARN__DUPLICATE_METHOD_MATCH = YES;
				"CODE_SIGN_IDENTITY[sdk=iphoneos*]" = "iPhone Developer";
				COPY_PHASE_STRIP = NO;
				ENABLE_NS_ASSERTIONS = NO;
				ENABLE_STRICT_OBJC_MSGSEND = YES;
				GCC_C_LANGUAGE_STANDARD = gnu99;
				GCC_WARN_64_TO_32_BIT_CONVERSION = YES;
				GCC_WARN_ABOUT_RETURN_TYPE = YES_ERROR;
				GCC_WARN_UNDECLARED_SELECTOR = YES;
				GCC_WARN_UNINITIALIZED_AUTOS = YES_AGGRESSIVE;
				GCC_WARN_UNUSED_FUNCTION = YES;
				GCC_WARN_UNUSED_VARIABLE = YES;
				IPHONEOS_DEPLOYMENT_TARGET = 8.2;
				MTL_ENABLE_DEBUG_INFO = NO;
				SDKROOT = iphoneos;
				VALIDATE_PRODUCT = YES;
			};
			name = Release;
		};
		1A447A2E1AC526EA003A0220 /* Debug */ = {
			isa = XCBuildConfiguration;
			buildSettings = {
				ASSETCATALOG_COMPILER_APPICON_NAME = AppIcon;
				INFOPLIST_FILE = JMCategory/Info.plist;
				LD_RUNPATH_SEARCH_PATHS = "$(inherited) @executable_path/Frameworks";
				PRODUCT_NAME = "$(TARGET_NAME)";
			};
			name = Debug;
		};
		1A447A2F1AC526EA003A0220 /* Release */ = {
			isa = XCBuildConfiguration;
			buildSettings = {
				ASSETCATALOG_COMPILER_APPICON_NAME = AppIcon;
				INFOPLIST_FILE = JMCategory/Info.plist;
				LD_RUNPATH_SEARCH_PATHS = "$(inherited) @executable_path/Frameworks";
				PRODUCT_NAME = "$(TARGET_NAME)";
			};
			name = Release;
		};
		1A447A311AC526EA003A0220 /* Debug */ = {
			isa = XCBuildConfiguration;
			buildSettings = {
				BUNDLE_LOADER = "$(TEST_HOST)";
				FRAMEWORK_SEARCH_PATHS = (
					"$(SDKROOT)/Developer/Library/Frameworks",
					"$(inherited)",
				);
				GCC_PREPROCESSOR_DEFINITIONS = (
					"DEBUG=1",
					"$(inherited)",
				);
				INFOPLIST_FILE = JMCategoryTests/Info.plist;
				LD_RUNPATH_SEARCH_PATHS = "$(inherited) @executable_path/Frameworks @loader_path/Frameworks";
				PRODUCT_NAME = "$(TARGET_NAME)";
				TEST_HOST = "$(BUILT_PRODUCTS_DIR)/JMCategory.app/JMCategory";
			};
			name = Debug;
		};
		1A447A321AC526EA003A0220 /* Release */ = {
			isa = XCBuildConfiguration;
			buildSettings = {
				BUNDLE_LOADER = "$(TEST_HOST)";
				FRAMEWORK_SEARCH_PATHS = (
					"$(SDKROOT)/Developer/Library/Frameworks",
					"$(inherited)",
				);
				INFOPLIST_FILE = JMCategoryTests/Info.plist;
				LD_RUNPATH_SEARCH_PATHS = "$(inherited) @executable_path/Frameworks @loader_path/Frameworks";
				PRODUCT_NAME = "$(TARGET_NAME)";
				TEST_HOST = "$(BUILT_PRODUCTS_DIR)/JMCategory.app/JMCategory";
			};
			name = Release;
		};
/* End XCBuildConfiguration section */

/* Begin XCConfigurationList section */
		1A447A051AC526E9003A0220 /* Build configuration list for PBXProject "JMCategory" */ = {
			isa = XCConfigurationList;
			buildConfigurations = (
				1A447A2B1AC526EA003A0220 /* Debug */,
				1A447A2C1AC526EA003A0220 /* Release */,
			);
			defaultConfigurationIsVisible = 0;
			defaultConfigurationName = Release;
		};
		1A447A2D1AC526EA003A0220 /* Build configuration list for PBXNativeTarget "JMCategory" */ = {
			isa = XCConfigurationList;
			buildConfigurations = (
				1A447A2E1AC526EA003A0220 /* Debug */,
				1A447A2F1AC526EA003A0220 /* Release */,
			);
			defaultConfigurationIsVisible = 0;
			defaultConfigurationName = Release;
		};
		1A447A301AC526EA003A0220 /* Build configuration list for PBXNativeTarget "JMCategoryTests" */ = {
			isa = XCConfigurationList;
			buildConfigurations = (
				1A447A311AC526EA003A0220 /* Debug */,
				1A447A321AC526EA003A0220 /* Release */,
			);
			defaultConfigurationIsVisible = 0;
			defaultConfigurationName = Release;
		};
/* End XCConfigurationList section */
	};
	rootObject = 1A447A021AC526E9003A0220 /* Project object */;
}
